
Microsoft Visual Studio Solution File, Format Version 10.00
# Visual Studio 2008
Project("{FAE04EC0-301F-11D3-BF4B-00C04F79EFBC}") = "head", "head\head.csproj", "{1344F936-EF03-4226-885A-E7B15356B63D}"
EndProject
Global
	GlobalSection(SolutionConfigurationPlatforms) = preSolution
		Debug|Any CPU = Debug|Any CPU
		Release|Any CPU = Release|Any CPU
	EndGlobalSection
	GlobalSection(ProjectConfigurationPlatforms) = postSolution
		{1344F936-EF03-4226-885A-E7B15356B63D}.Debug|Any CPU.ActiveCfg = Debug|Any CPU
		{1344F936-EF03-4226-885A-E7B15356B63D}.Debug|Any CPU.Build.0 = Debug|Any CPU
		{1344F936-EF03-4226-885A-E7B15356B63D}.Release|Any CPU.ActiveCfg = Release|Any CPU
		{1344F936-EF03-4226-885A-E7B15356B63D}.Release|Any CPU.Build.0 = Release|Any CPU
	EndGlobalSection
	GlobalSection(SolutionProperties) = preSolution
		HideSolutionNode = FALSE
	EndGlobalSection
EndGlobal
